{
  "nodes": {
    "betterfox": {
      "flake": false,
      "locked": {
        "lastModified": 1769104536,
        "narHash": "sha256-D2MIFdYMS3xrfO2vDYjCmC3Ah96jg5XUzvwMX3xJQBo=",
        "owner": "yokoffing",
        "repo": "Betterfox",
        "rev": "310cbdee6ca20eb881749a559cb572ce9272a981",
        "type": "github"
      },
      "original": {
        "owner": "yokoffing",
        "repo": "Betterfox",
        "type": "github"
      }
    },
    "catppuccin": {
      "inputs": {
        "nixpkgs": "nixpkgs"
      },
      "locked": {
        "lastModified": 1768256610,
        "narHash": "sha256-IyL6nZo242nDLoLQVwkqAZXp8FO5kBfjL6Fuh+gZO10=",
        "owner": "catppuccin",
        "repo": "nix",
        "rev": "0734ad8c91342df34f1a1e5c183d053d70ba87c7",
        "type": "github"
      },
      "original": {
        "owner": "catppuccin",
        "ref": "release-25.11",
        "repo": "nix",
        "type": "github"
      }
    },
    "home-manager": {
      "inputs": {
        "nixpkgs": [
          "nixpkgs"
        ]
      },
      "locked": {
        "lastModified": 1771744638,
        "narHash": "sha256-EDLi+YAsEEAmMeZe1v6GccuGRbCkpSZp/+A6g+pivR8=",
        "owner": "nix-community",
        "repo": "home-manager",
        "rev": "cb6c151f5c9db4df0b69d06894dc8484de1f16a0",
        "type": "github"
      },
      "original": {
        "owner": "nix-community",
        "ref": "release-25.11",
        "repo": "home-manager",
        "type": "github"
      }
    },
    "nixpkgs": {
      "locked": {
        "lastModified": 1764521362,
        "narHash": "sha256-M101xMtWdF1eSD0xhiR8nG8CXRlHmv6V+VoY65Smwf4=",
        "owner": "NixOS",
        "repo": "nixpkgs",
        "rev": "871b9fd269ff6246794583ce4ee1031e1da71895",
        "type": "github"
      },
      "original": {
        "owner": "NixOS",
        "ref": "25.11",
        "repo": "nixpkgs",
        "type": "github"
      }
    },
    "nixpkgs-unstable": {
      "locked": {
        "lastModified": 1771848320,
        "narHash": "sha256-0MAd+0mun3K/Ns8JATeHT1sX28faLII5hVLq0L3BdZU=",
        "owner": "nixos",
        "repo": "nixpkgs",
        "rev": "2fc6539b481e1d2569f25f8799236694180c0993",
        "type": "github"
      },
      "original": {
        "owner": "nixos",
        "ref": "nixos-unstable",
        "repo": "nixpkgs",
        "type": "github"
      }
    },
    "nixpkgs_2": {
      "locked": {
        "lastModified": 1771903837,
        "narHash": "sha256-sdaqdnsQCv3iifzxwB22tUwN/fSHoN7j2myFW5EIkGk=",
        "owner": "nixos",
        "repo": "nixpkgs",
        "rev": "e764fc9a405871f1f6ca3d1394fb422e0a0c3951",
        "type": "github"
      },
      "original": {
        "owner": "nixos",
        "ref": "nixos-25.11",
        "repo": "nixpkgs",
        "type": "github"
      }
    },
    "nushell-defaultConfig": {
      "flake": false,
      "locked": {
        "lastModified": 1771953668,
        "narHash": "sha256-qrnUsedjYnDwzTyOjt4Bhdz72yqQBU6oNDSjg2HTLV0=",
        "owner": "nushell",
        "repo": "nushell",
        "rev": "e1f9a09e58bc021e0e177349e78caf535c2ca959",
        "type": "github"
      },
      "original": {
        "owner": "nushell",
        "repo": "nushell",
        "type": "github"
      }
    },
    "root": {
      "inputs": {
        "betterfox": "betterfox",
        "catppuccin": "catppuccin",
        "home-manager": "home-manager",
        "nixpkgs": "nixpkgs_2",
        "nixpkgs-unstable": "nixpkgs-unstable",
        "nushell-defaultConfig": "nushell-defaultConfig"
      }
    }
  },
  "root": "root",
  "version": 7
}
